
Microsoft Visual Studio Solution File, Format Version 11.00
# Visual Studio 2010
Project("{FAE04EC0-301F-11D3-BF4B-00C04F79EFBC}") = "3d tryout", "Assembly-CSharp.csproj", "{2AEF4928-2214-F8A6-421E-8D5C3AA6C52F}"
EndProject
Project("{FAE04EC0-301F-11D3-BF4B-00C04F79EFBC}") = "3d tryout", "Assembly-CSharp-Editor.csproj", "{D53B41F9-ACB7-81BA-31E2-A63CEE7A9983}"
EndProject
Global
	GlobalSection(SolutionConfigurationPlatforms) = preSolution
		Debug|Any CPU = Debug|Any CPU
		Release|Any CPU = Release|Any CPU
	EndGlobalSection
	GlobalSection(ProjectConfigurationPlatforms) = postSolution
		{2AEF4928-2214-F8A6-421E-8D5C3AA6C52F}.Debug|Any CPU.ActiveCfg = Debug|Any CPU
		{2AEF4928-2214-F8A6-421E-8D5C3AA6C52F}.Debug|Any CPU.Build.0 = Debug|Any CPU
		{2AEF4928-2214-F8A6-421E-8D5C3AA6C52F}.Release|Any CPU.ActiveCfg = Release|Any CPU
		{2AEF4928-2214-F8A6-421E-8D5C3AA6C52F}.Release|Any CPU.Build.0 = Release|Any CPU
		{D53B41F9-ACB7-81BA-31E2-A63CEE7A9983}.Debug|Any CPU.ActiveCfg = Debug|Any CPU
		{D53B41F9-ACB7-81BA-31E2-A63CEE7A9983}.Debug|Any CPU.Build.0 = Debug|Any CPU
		{D53B41F9-ACB7-81BA-31E2-A63CEE7A9983}.Release|Any CPU.ActiveCfg = Release|Any CPU
		{D53B41F9-ACB7-81BA-31E2-A63CEE7A9983}.Release|Any CPU.Build.0 = Release|Any CPU
	EndGlobalSection
	GlobalSection(SolutionProperties) = preSolution
		HideSolutionNode = FALSE
	EndGlobalSection
	GlobalSection(MonoDevelopProperties) = preSolution
		StartupItem = Assembly-CSharp.csproj
	EndGlobalSection
EndGlobal
